// !$*UTF8*$!
{
	archiveVersion = 1;
	classes = {
	};
	objectVersion = 46;
	objects = {

/* Begin PBXBuildFile section */
		76C54EBD1578F80000CE306D /* UIKit.framework in Frameworks */ = {isa = PBXBuildFile; fileRef = 76C54EBC1578F80000CE306D /* UIKit.framework */; };
		76C54EBF1578F80000CE306D /* Foundation.framework in Frameworks */ = {isa = PBXBuildFile; fileRef = 76C54EBE1578F80000CE306D /* Foundation.framework */; };
		76C54EC11578F80000CE306D /* CoreGraphics.framework in Frameworks */ = {isa = PBXBuildFile; fileRef = 76C54EC01578F80000CE306D /* CoreGraphics.framework */; };
		76C54EC71578F80000CE306D /* InfoPlist.strings in Resources */ = {isa = PBXBuildFile; fileRef = 76C54EC51578F80000CE306D /* InfoPlist.strings */; };
		76C54EC91578F80000CE306D /* main.m in Sources */ = {isa = PBXBuildFile; fileRef = 76C54EC81578F80000CE306D /* main.m */; };
		76C54ECD1578F80000CE306D /* AppDelegate.m in Sources */ = {isa = PBXBuildFile; fileRef = 76C54ECC1578F80000CE306D /* AppDelegate.m */; };
		76C54ED01578F80000CE306D /* ViewController.m in Sources */ = {isa = PBXBuildFile; fileRef = 76C54ECF1578F80000CE306D /* ViewController.m */; };
		76C54ED31578F80000CE306D /* ViewController.xib in Resources */ = {isa = PBXBuildFile; fileRef = 76C54ED11578F80000CE306D /* ViewController.xib */; };
		76C54EDD1578F82300CE306D /* ENSNotificationManager.m in Sources */ = {isa = PBXBuildFile; fileRef = 76C54EDC1578F82300CE306D /* ENSNotificationManager.m */; };
		76C54EE015790A7200CE306D /* EFRequest.m in Sources */ = {isa = PBXBuildFile; fileRef = 76C54EDF15790A7200CE306D /* EFRequest.m */; };
		76C54EE315790A9700CE306D /* EFTokenExchangeClient.m in Sources */ = {isa = PBXBuildFile; fileRef = 76C54EE215790A9700CE306D /* EFTokenExchangeClient.m */; };
		76C54EF61579108300CE306D /* CHANGELOG.md in Resources */ = {isa = PBXBuildFile; fileRef = 76C54EF21579108300CE306D /* CHANGELOG.md */; };
		76C54EF71579108300CE306D /* JSONKit.m in Sources */ = {isa = PBXBuildFile; fileRef = 76C54EF41579108300CE306D /* JSONKit.m */; };
		76C54EF81579108300CE306D /* README.md in Resources */ = {isa = PBXBuildFile; fileRef = 76C54EF51579108300CE306D /* README.md */; };
/* End PBXBuildFile section */

/* Begin PBXFileReference section */
		76C54EB81578F80000CE306D /* NotificationManagerSampleApplication.app */ = {isa = PBXFileReference; explicitFileType = wrapper.application; includeInIndex = 0; path = NotificationManagerSampleApplication.app; sourceTree = BUILT_PRODUCTS_DIR; };
		76C54EBC1578F80000CE306D /* UIKit.framework */ = {isa = PBXFileReference; lastKnownFileType = wrapper.framework; name = UIKit.framework; path = System/Library/Frameworks/UIKit.framework; sourceTree = SDKROOT; };
		76C54EBE1578F80000CE306D /* Foundation.framework */ = {isa = PBXFileReference; lastKnownFileType = wrapper.framework; name = Foundation.framework; path = System/Library/Frameworks/Foundation.framework; sourceTree = SDKROOT; };
		76C54EC01578F80000CE306D /* CoreGraphics.framework */ = {isa = PBXFileReference; lastKnownFileType = wrapper.framework; name = CoreGraphics.framework; path = System/Library/Frameworks/CoreGraphics.framework; sourceTree = SDKROOT; };
		76C54EC41578F80000CE306D /* NotificationManagerSampleApplication-Info.plist */ = {isa = PBXFileReference; lastKnownFileType = text.plist.xml; path = "NotificationManagerSampleApplication-Info.plist"; sourceTree = "<group>"; };
		76C54EC61578F80000CE306D /* en */ = {isa = PBXFileReference; lastKnownFileType = text.plist.strings; name = en; path = en.lproj/InfoPlist.strings; sourceTree = "<group>"; };
		76C54EC81578F80000CE306D /* main.m */ = {isa = PBXFileReference; lastKnownFileType = sourcecode.c.objc; path = main.m; sourceTree = "<group>"; };
		76C54ECA1578F80000CE306D /* NotificationManagerSampleApplication-Prefix.pch */ = {isa = PBXFileReference; lastKnownFileType = sourcecode.c.h; path = "NotificationManagerSampleApplication-Prefix.pch"; sourceTree = "<group>"; };
		76C54ECB1578F80000CE306D /* AppDelegate.h */ = {isa = PBXFileReference; lastKnownFileType = sourcecode.c.h; path = AppDelegate.h; sourceTree = "<group>"; };
		76C54ECC1578F80000CE306D /* AppDelegate.m */ = {isa = PBXFileReference; lastKnownFileType = sourcecode.c.objc; path = AppDelegate.m; sourceTree = "<group>"; };
		76C54ECE1578F80000CE306D /* ViewController.h */ = {isa = PBXFileReference; lastKnownFileType = sourcecode.c.h; path = ViewController.h; sourceTree = "<group>"; };
		76C54ECF1578F80000CE306D /* ViewController.m */ = {isa = PBXFileReference; lastKnownFileType = sourcecode.c.objc; path = ViewController.m; sourceTree = "<group>"; };
		76C54ED21578F80000CE306D /* en */ = {isa = PBXFileReference; lastKnownFileType = file.xib; name = en; path = en.lproj/ViewController.xib; sourceTree = "<group>"; };
		76C54EDB1578F82300CE306D /* ENSNotificationManager.h */ = {isa = PBXFileReference; fileEncoding = 4; lastKnownFileType = sourcecode.c.h; name = ENSNotificationManager.h; path = "/Users/thijs/Development/mybestbite-ios/../libnotification-ios/src/ENSNotificationManager.h"; sourceTree = "<absolute>"; };
		76C54EDC1578F82300CE306D /* ENSNotificationManager.m */ = {isa = PBXFileReference; fileEncoding = 4; lastKnownFileType = sourcecode.c.objc; name = ENSNotificationManager.m; path = "/Users/thijs/Development/mybestbite-ios/../libnotification-ios/src/ENSNotificationManager.m"; sourceTree = "<absolute>"; };
		76C54EDE15790A7200CE306D /* EFRequest.h */ = {isa = PBXFileReference; fileEncoding = 4; lastKnownFileType = sourcecode.c.h; name = EFRequest.h; path = ../../src/EFRequest.h; sourceTree = "<group>"; };
		76C54EDF15790A7200CE306D /* EFRequest.m */ = {isa = PBXFileReference; fileEncoding = 4; lastKnownFileType = sourcecode.c.objc; name = EFRequest.m; path = ../../src/EFRequest.m; sourceTree = "<group>"; };
		76C54EE115790A9700CE306D /* EFTokenExchangeClient.h */ = {isa = PBXFileReference; fileEncoding = 4; lastKnownFileType = sourcecode.c.h; name = EFTokenExchangeClient.h; path = "../../../egeniq-ios/Classes/EFTokenExchangeClient.h"; sourceTree = "<group>"; };
		76C54EE215790A9700CE306D /* EFTokenExchangeClient.m */ = {isa = PBXFileReference; fileEncoding = 4; lastKnownFileType = sourcecode.c.objc; name = EFTokenExchangeClient.m; path = "../../../egeniq-ios/Classes/EFTokenExchangeClient.m"; sourceTree = "<group>"; };
		76C54EF21579108300CE306D /* CHANGELOG.md */ = {isa = PBXFileReference; fileEncoding = 4; lastKnownFileType = text; path = CHANGELOG.md; sourceTree = "<group>"; };
		76C54EF31579108300CE306D /* JSONKit.h */ = {isa = PBXFileReference; fileEncoding = 4; lastKnownFileType = sourcecode.c.h; path = JSONKit.h; sourceTree = "<group>"; };
		76C54EF41579108300CE306D /* JSONKit.m */ = {isa = PBXFileReference; fileEncoding = 4; lastKnownFileType = sourcecode.c.objc; path = JSONKit.m; sourceTree = "<group>"; };
		76C54EF51579108300CE306D /* README.md */ = {isa = PBXFileReference; fileEncoding = 4; lastKnownFileType = text; path = README.md; sourceTree = "<group>"; };
/* End PBXFileReference section */

/* Begin PBXFrameworksBuildPhase section */
		76C54EB51578F80000CE306D /* Frameworks */ = {
			isa = PBXFrameworksBuildPhase;
			buildActionMask = 2147483647;
			files = (
				76C54EBD1578F80000CE306D /* UIKit.framework in Frameworks */,
				76C54EBF1578F80000CE306D /* Foundation.framework in Frameworks */,
				76C54EC11578F80000CE306D /* CoreGraphics.framework in Frameworks */,
			);
			runOnlyForDeploymentPostprocessing = 0;
		};
/* End PBXFrameworksBuildPhase section */

/* Begin PBXGroup section */
		76C54EAD1578F80000CE306D = {
			isa = PBXGroup;
			children = (
				76C54ED91578F81400CE306D /* External */,
				76C54EC21578F80000CE306D /* Application */,
				76C54EBB1578F80000CE306D /* Frameworks */,
				76C54EB91578F80000CE306D /* Products */,
			);
			sourceTree = "<group>";
		};
		76C54EB91578F80000CE306D /* Products */ = {
			isa = PBXGroup;
			children = (
				76C54EB81578F80000CE306D /* NotificationManagerSampleApplication.app */,
			);
			name = Products;
			sourceTree = "<group>";
		};
		76C54EBB1578F80000CE306D /* Frameworks */ = {
			isa = PBXGroup;
			children = (
				76C54EBC1578F80000CE306D /* UIKit.framework */,
				76C54EBE1578F80000CE306D /* Foundation.framework */,
				76C54EC01578F80000CE306D /* CoreGraphics.framework */,
			);
			name = Frameworks;
			sourceTree = "<group>";
		};
		76C54EC21578F80000CE306D /* Application */ = {
			isa = PBXGroup;
			children = (
				76C54EF015790EEC00CE306D /* External */,
				76C54ECB1578F80000CE306D /* AppDelegate.h */,
				76C54ECC1578F80000CE306D /* AppDelegate.m */,
				76C54ECE1578F80000CE306D /* ViewController.h */,
				76C54ECF1578F80000CE306D /* ViewController.m */,
				76C54ED11578F80000CE306D /* ViewController.xib */,
				76C54EC31578F80000CE306D /* Supporting Files */,
			);
			path = Application;
			sourceTree = "<group>";
		};
		76C54EC31578F80000CE306D /* Supporting Files */ = {
			isa = PBXGroup;
			children = (
				76C54EC41578F80000CE306D /* NotificationManagerSampleApplication-Info.plist */,
				76C54EC51578F80000CE306D /* InfoPlist.strings */,
				76C54EC81578F80000CE306D /* main.m */,
				76C54ECA1578F80000CE306D /* NotificationManagerSampleApplication-Prefix.pch */,
			);
			name = "Supporting Files";
			sourceTree = "<group>";
		};
		76C54ED91578F81400CE306D /* External */ = {
			isa = PBXGroup;
			children = (
				76C54EDA1578F81A00CE306D /* NotificationManager */,
			);
			name = External;
			sourceTree = "<group>";
		};
		76C54EDA1578F81A00CE306D /* NotificationManager */ = {
			isa = PBXGroup;
			children = (
				76C54EE115790A9700CE306D /* EFTokenExchangeClient.h */,
				76C54EE215790A9700CE306D /* EFTokenExchangeClient.m */,
				76C54EDE15790A7200CE306D /* EFRequest.h */,
				76C54EDF15790A7200CE306D /* EFRequest.m */,
				76C54EDB1578F82300CE306D /* ENSNotificationManager.h */,
				76C54EDC1578F82300CE306D /* ENSNotificationManager.m */,
			);
			name = NotificationManager;
			sourceTree = "<group>";
		};
		76C54EF015790EEC00CE306D /* External */ = {
			isa = PBXGroup;
			children = (
				76C54EF11579108300CE306D /* JSONKit */,
			);
			name = External;
			sourceTree = "<group>";
		};
		76C54EF11579108300CE306D /* JSONKit */ = {
			isa = PBXGroup;
			children = (
				76C54EF21579108300CE306D /* CHANGELOG.md */,
				76C54EF31579108300CE306D /* JSONKit.h */,
				76C54EF41579108300CE306D /* JSONKit.m */,
				76C54EF51579108300CE306D /* README.md */,
			);
			name = JSONKit;
			path = External/JSONKit;
			sourceTree = SOURCE_ROOT;
		};
/* End PBXGroup section */

/* Begin PBXNativeTarget section */
		76C54EB71578F80000CE306D /* NotificationManagerSampleApplication */ = {
			isa = PBXNativeTarget;
			buildConfigurationList = 76C54ED61578F80000CE306D /* Build configuration list for PBXNativeTarget "NotificationManagerSampleApplication" */;
			buildPhases = (
				76C54EB41578F80000CE306D /* Sources */,
				76C54EB51578F80000CE306D /* Frameworks */,
				76C54EB61578F80000CE306D /* Resources */,
			);
			buildRules = (
			);
			dependencies = (
			);
			name = NotificationManagerSampleApplication;
			productName = NotificationManagerSampleApplication;
			productReference = 76C54EB81578F80000CE306D /* NotificationManagerSampleApplication.app */;
			productType = "com.apple.product-type.application";
		};
/* End PBXNativeTarget section */

/* Begin PBXProject section */
		76C54EAF1578F80000CE306D /* Project object */ = {
			isa = PBXProject;
			attributes = {
				LastUpgradeCheck = 0430;
			};
			buildConfigurationList = 76C54EB21578F80000CE306D /* Build configuration list for PBXProject "NotificationManagerSampleApplication" */;
			compatibilityVersion = "Xcode 3.2";
			developmentRegion = English;
			hasScannedForEncodings = 0;
			knownRegions = (
				en,
			);
			mainGroup = 76C54EAD1578F80000CE306D;
			productRefGroup = 76C54EB91578F80000CE306D /* Products */;
			projectDirPath = "";
			projectRoot = "";
			targets = (
				76C54EB71578F80000CE306D /* NotificationManagerSampleApplication */,
			);
		};
/* End PBXProject section */

/* Begin PBXResourcesBuildPhase section */
		76C54EB61578F80000CE306D /* Resources */ = {
			isa = PBXResourcesBuildPhase;
			buildActionMask = 2147483647;
			files = (
				76C54EC71578F80000CE306D /* InfoPlist.strings in Resources */,
				76C54ED31578F80000CE306D /* ViewController.xib in Resources */,
				76C54EF61579108300CE306D /* CHANGELOG.md in Resources */,
				76C54EF81579108300CE306D /* README.md in Resources */,
			);
			runOnlyForDeploymentPostprocessing = 0;
		};
/* End PBXResourcesBuildPhase section */

/* Begin PBXSourcesBuildPhase section */
		76C54EB41578F80000CE306D /* Sources */ = {
			isa = PBXSourcesBuildPhase;
			buildActionMask = 2147483647;
			files = (
				76C54EC91578F80000CE306D /* main.m in Sources */,
				76C54ECD1578F80000CE306D /* AppDelegate.m in Sources */,
				76C54ED01578F80000CE306D /* ViewController.m in Sources */,
				76C54EDD1578F82300CE306D /* ENSNotificationManager.m in Sources */,
				76C54EE015790A7200CE306D /* EFRequest.m in Sources */,
				76C54EE315790A9700CE306D /* EFTokenExchangeClient.m in Sources */,
				76C54EF71579108300CE306D /* JSONKit.m in Sources */,
			);
			runOnlyForDeploymentPostprocessing = 0;
		};
/* End PBXSourcesBuildPhase section */

/* Begin PBXVariantGroup section */
		76C54EC51578F80000CE306D /* InfoPlist.strings */ = {
			isa = PBXVariantGroup;
			children = (
				76C54EC61578F80000CE306D /* en */,
			);
			name = InfoPlist.strings;
			sourceTree = "<group>";
		};
		76C54ED11578F80000CE306D /* ViewController.xib */ = {
			isa = PBXVariantGroup;
			children = (
				76C54ED21578F80000CE306D /* en */,
			);
			name = ViewController.xib;
			sourceTree = "<group>";
		};
/* End PBXVariantGroup section */

/* Begin XCBuildConfiguration section */
		76C54ED41578F80000CE306D /* Debug */ = {
			isa = XCBuildConfiguration;
			buildSettings = {
				ALWAYS_SEARCH_USER_PATHS = NO;
				ARCHS = "$(ARCHS_STANDARD_32_BIT)";
				CLANG_ENABLE_OBJC_ARC = YES;
				"CODE_SIGN_IDENTITY[sdk=iphoneos*]" = "iPhone Developer";
				COPY_PHASE_STRIP = NO;
				GCC_C_LANGUAGE_STANDARD = gnu99;
				GCC_DYNAMIC_NO_PIC = NO;
				GCC_OPTIMIZATION_LEVEL = 0;
				GCC_PREPROCESSOR_DEFINITIONS = (
					"DEBUG=1",
					"$(inherited)",
				);
				GCC_SYMBOLS_PRIVATE_EXTERN = NO;
				GCC_VERSION = com.apple.compilers.llvm.clang.1_0;
				GCC_WARN_ABOUT_RETURN_TYPE = YES;
				GCC_WARN_UNINITIALIZED_AUTOS = YES;
				GCC_WARN_UNUSED_VARIABLE = YES;
				IPHONEOS_DEPLOYMENT_TARGET = 5.1;
				SDKROOT = iphoneos;
			};
			name = Debug;
		};
		76C54ED51578F80000CE306D /* Release */ = {
			isa = XCBuildConfiguration;
			buildSettings = {
				ALWAYS_SEARCH_USER_PATHS = NO;
				ARCHS = "$(ARCHS_STANDARD_32_BIT)";
				CLANG_ENABLE_OBJC_ARC = YES;
				"CODE_SIGN_IDENTITY[sdk=iphoneos*]" = "iPhone Developer";
				COPY_PHASE_STRIP = YES;
				GCC_C_LANGUAGE_STANDARD = gnu99;
				GCC_VERSION = com.apple.compilers.llvm.clang.1_0;
				GCC_WARN_ABOUT_RETURN_TYPE = YES;
				GCC_WARN_UNINITIALIZED_AUTOS = YES;
				GCC_WARN_UNUSED_VARIABLE = YES;
				IPHONEOS_DEPLOYMENT_TARGET = 5.1;
				OTHER_CFLAGS = "-DNS_BLOCK_ASSERTIONS=1";
				SDKROOT = iphoneos;
				VALIDATE_PRODUCT = YES;
			};
			name = Release;
		};
		76C54ED71578F80000CE306D /* Debug */ = {
			isa = XCBuildConfiguration;
			buildSettings = {
				GCC_PRECOMPILE_PREFIX_HEADER = YES;
				GCC_PREFIX_HEADER = "NotificationManagerSampleApplication/NotificationManagerSampleApplication-Prefix.pch";
				INFOPLIST_FILE = "NotificationManagerSampleApplication/NotificationManagerSampleApplication-Info.plist";
				PRODUCT_NAME = "$(TARGET_NAME)";
				WRAPPER_EXTENSION = app;
			};
			name = Debug;
		};
		76C54ED81578F80000CE306D /* Release */ = {
			isa = XCBuildConfiguration;
			buildSettings = {
				GCC_PRECOMPILE_PREFIX_HEADER = YES;
				GCC_PREFIX_HEADER = "NotificationManagerSampleApplication/NotificationManagerSampleApplication-Prefix.pch";
				INFOPLIST_FILE = "NotificationManagerSampleApplication/NotificationManagerSampleApplication-Info.plist";
				PRODUCT_NAME = "$(TARGET_NAME)";
				WRAPPER_EXTENSION = app;
			};
			name = Release;
		};
/* End XCBuildConfiguration section */

/* Begin XCConfigurationList section */
		76C54EB21578F80000CE306D /* Build configuration list for PBXProject "NotificationManagerSampleApplication" */ = {
			isa = XCConfigurationList;
			buildConfigurations = (
				76C54ED41578F80000CE306D /* Debug */,
				76C54ED51578F80000CE306D /* Release */,
			);
			defaultConfigurationIsVisible = 0;
			defaultConfigurationName = Release;
		};
		76C54ED61578F80000CE306D /* Build configuration list for PBXNativeTarget "NotificationManagerSampleApplication" */ = {
			isa = XCConfigurationList;
			buildConfigurations = (
				76C54ED71578F80000CE306D /* Debug */,
				76C54ED81578F80000CE306D /* Release */,
			);
			defaultConfigurationIsVisible = 0;
		};
/* End XCConfigurationList section */
	};
	rootObject = 76C54EAF1578F80000CE306D /* Project object */;
}
